// !$*UTF8*$!
{
	archiveVersion = 1;
	classes = {
	};
	objectVersion = 55;
	objects = {

/* Begin PBXBuildFile section */
		8242798A2780C53900D03083 /* TodoItem.swift in Sources */ = {isa = PBXBuildFile; fileRef = 824279892780C53900D03083 /* TodoItem.swift */; };
		8242798B2780C53900D03083 /* TodoItem.swift in Sources */ = {isa = PBXBuildFile; fileRef = 824279892780C53900D03083 /* TodoItem.swift */; };
		82554DCB278077E200634ECF /* Title.swift in Sources */ = {isa = PBXBuildFile; fileRef = 82554DCA278077E200634ECF /* Title.swift */; };
		82554DCC278077E200634ECF /* Title.swift in Sources */ = {isa = PBXBuildFile; fileRef = 82554DCA278077E200634ECF /* Title.swift */; };
		82554DCE27807A5A00634ECF /* TodoList.swift in Sources */ = {isa = PBXBuildFile; fileRef = 82554DCD27807A5A00634ECF /* TodoList.swift */; };
		82554DCF27807A5A00634ECF /* TodoList.swift in Sources */ = {isa = PBXBuildFile; fileRef = 82554DCD27807A5A00634ECF /* TodoList.swift */; };
		82554DD127807D4A00634ECF /* Todo.swift in Sources */ = {isa = PBXBuildFile; fileRef = 82554DD027807D4A00634ECF /* Todo.swift */; };
		82554DD227807D4A00634ECF /* Todo.swift in Sources */ = {isa = PBXBuildFile; fileRef = 82554DD027807D4A00634ECF /* Todo.swift */; };
		82554DD42780820300634ECF /* TodoInput.swift in Sources */ = {isa = PBXBuildFile; fileRef = 82554DD32780820300634ECF /* TodoInput.swift */; };
		82554DD52780820300634ECF /* TodoInput.swift in Sources */ = {isa = PBXBuildFile; fileRef = 82554DD32780820300634ECF /* TodoInput.swift */; };
		826C923A2854520A00FCCDD4 /* MapsApp.swift in Sources */ = {isa = PBXBuildFile; fileRef = 826C92392854520A00FCCDD4 /* MapsApp.swift */; };
		826C923C28545B1D00FCCDD4 /* Point.swift in Sources */ = {isa = PBXBuildFile; fileRef = 826C923B28545B1D00FCCDD4 /* Point.swift */; };
		826C924028545F5600FCCDD4 /* Marker.swift in Sources */ = {isa = PBXBuildFile; fileRef = 826C923F28545F5600FCCDD4 /* Marker.swift */; };
		82849CDA284FFD890004A347 /* TodoContainerView.swift in Sources */ = {isa = PBXBuildFile; fileRef = 82849CD9284FFD890004A347 /* TodoContainerView.swift */; };
		82849CDB284FFD890004A347 /* TodoContainerView.swift in Sources */ = {isa = PBXBuildFile; fileRef = 82849CD9284FFD890004A347 /* TodoContainerView.swift */; };
		82849CDD284FFE290004A347 /* AppContainerView.swift in Sources */ = {isa = PBXBuildFile; fileRef = 82849CDC284FFE290004A347 /* AppContainerView.swift */; };
		82849CDE284FFE290004A347 /* AppContainerView.swift in Sources */ = {isa = PBXBuildFile; fileRef = 82849CDC284FFE290004A347 /* AppContainerView.swift */; };
		82849CE1284FFFFD0004A347 /* ListItem.swift in Sources */ = {isa = PBXBuildFile; fileRef = 82849CE0284FFFFD0004A347 /* ListItem.swift */; };
		82849CE2284FFFFD0004A347 /* ListItem.swift in Sources */ = {isa = PBXBuildFile; fileRef = 82849CE0284FFFFD0004A347 /* ListItem.swift */; };
		82849CE6285028910004A347 /* SwipeCardsContainer.swift in Sources */ = {isa = PBXBuildFile; fileRef = 82849CE5285028910004A347 /* SwipeCardsContainer.swift */; };
		82849CE7285028910004A347 /* SwipeCardsContainer.swift in Sources */ = {isa = PBXBuildFile; fileRef = 82849CE5285028910004A347 /* SwipeCardsContainer.swift */; };
		82849CE928502A210004A347 /* Card.swift in Sources */ = {isa = PBXBuildFile; fileRef = 82849CE828502A210004A347 /* Card.swift */; };
		82849CEA28502A210004A347 /* Card.swift in Sources */ = {isa = PBXBuildFile; fileRef = 82849CE828502A210004A347 /* Card.swift */; };
		82BEE01F2851ADEE00DB3DD0 /* Person.swift in Sources */ = {isa = PBXBuildFile; fileRef = 82BEE01E2851ADEE00DB3DD0 /* Person.swift */; };
		82BEE0202851ADEE00DB3DD0 /* Person.swift in Sources */ = {isa = PBXBuildFile; fileRef = 82BEE01E2851ADEE00DB3DD0 /* Person.swift */; };
		82BEE0232851C0B500DB3DD0 /* Color.swift in Sources */ = {isa = PBXBuildFile; fileRef = 82BEE0222851C0B500DB3DD0 /* Color.swift */; };
		82BEE0242851C0B500DB3DD0 /* Color.swift in Sources */ = {isa = PBXBuildFile; fileRef = 82BEE0222851C0B500DB3DD0 /* Color.swift */; };
		82C7030327804B2600CCA8EB /* Tests_iOS.swift in Sources */ = {isa = PBXBuildFile; fileRef = 82C7030227804B2600CCA8EB /* Tests_iOS.swift */; };
		82C7030527804B2600CCA8EB /* Tests_iOSLaunchTests.swift in Sources */ = {isa = PBXBuildFile; fileRef = 82C7030427804B2600CCA8EB /* Tests_iOSLaunchTests.swift */; };
		82C7030F27804B2600CCA8EB /* Tests_macOS.swift in Sources */ = {isa = PBXBuildFile; fileRef = 82C7030E27804B2600CCA8EB /* Tests_macOS.swift */; };
		82C7031127804B2600CCA8EB /* Tests_macOSLaunchTests.swift in Sources */ = {isa = PBXBuildFile; fileRef = 82C7031027804B2600CCA8EB /* Tests_macOSLaunchTests.swift */; };
		82C7031227804B2600CCA8EB /* PlaygroundApp.swift in Sources */ = {isa = PBXBuildFile; fileRef = 82C702EA27804B2400CCA8EB /* PlaygroundApp.swift */; };
		82C7031327804B2600CCA8EB /* PlaygroundApp.swift in Sources */ = {isa = PBXBuildFile; fileRef = 82C702EA27804B2400CCA8EB /* PlaygroundApp.swift */; };
		82C7031627804B2600CCA8EB /* Assets.xcassets in Resources */ = {isa = PBXBuildFile; fileRef = 82C702EC27804B2500CCA8EB /* Assets.xcassets */; };
		82C7031727804B2600CCA8EB /* Assets.xcassets in Resources */ = {isa = PBXBuildFile; fileRef = 82C702EC27804B2500CCA8EB /* Assets.xcassets */; };
		82F8B0922859A662006CF25D /* DetailsPage.swift in Sources */ = {isa = PBXBuildFile; fileRef = 82F8B0912859A662006CF25D /* DetailsPage.swift */; };
		82F8B0942859B13E006CF25D /* Clamp.swift in Sources */ = {isa = PBXBuildFile; fileRef = 82F8B0932859B13E006CF25D /* Clamp.swift */; };
		82FBE75228611993002019F7 /* ScrollView.swift in Sources */ = {isa = PBXBuildFile; fileRef = 82FBE75128611993002019F7 /* ScrollView.swift */; };
		82FBE754286122DB002019F7 /* NationalPark.swift in Sources */ = {isa = PBXBuildFile; fileRef = 82FBE753286122DB002019F7 /* NationalPark.swift */; };
/* End PBXBuildFile section */

/* Begin PBXContainerItemProxy section */
		82C702FF27804B2600CCA8EB /* PBXContainerItemProxy */ = {
			isa = PBXContainerItemProxy;
			containerPortal = 82C702E527804B2400CCA8EB /* Project object */;
			proxyType = 1;
			remoteGlobalIDString = 82C702F027804B2600CCA8EB;
			remoteInfo = "todo-app (iOS)";
		};
		82C7030B27804B2600CCA8EB /* PBXContainerItemProxy */ = {
			isa = PBXContainerItemProxy;
			containerPortal = 82C702E527804B2400CCA8EB /* Project object */;
			proxyType = 1;
			remoteGlobalIDString = 82C702F627804B2600CCA8EB;
			remoteInfo = "todo-app (macOS)";
		};
/* End PBXContainerItemProxy section */

/* Begin PBXFileReference section */
		824279892780C53900D03083 /* TodoItem.swift */ = {isa = PBXFileReference; lastKnownFileType = sourcecode.swift; path = TodoItem.swift; sourceTree = "<group>"; };
		82554DCA278077E200634ECF /* Title.swift */ = {isa = PBXFileReference; lastKnownFileType = sourcecode.swift; path = Title.swift; sourceTree = "<group>"; };
		82554DCD27807A5A00634ECF /* TodoList.swift */ = {isa = PBXFileReference; lastKnownFileType = sourcecode.swift; path = TodoList.swift; sourceTree = "<group>"; };
		82554DD027807D4A00634ECF /* Todo.swift */ = {isa = PBXFileReference; lastKnownFileType = sourcecode.swift; path = Todo.swift; sourceTree = "<group>"; };
		82554DD32780820300634ECF /* TodoInput.swift */ = {isa = PBXFileReference; lastKnownFileType = sourcecode.swift; path = TodoInput.swift; sourceTree = "<group>"; };
		826C92392854520A00FCCDD4 /* MapsApp.swift */ = {isa = PBXFileReference; lastKnownFileType = sourcecode.swift; path = MapsApp.swift; sourceTree = "<group>"; };
		826C923B28545B1D00FCCDD4 /* Point.swift */ = {isa = PBXFileReference; lastKnownFileType = sourcecode.swift; path = Point.swift; sourceTree = "<group>"; };
		826C923F28545F5600FCCDD4 /* Marker.swift */ = {isa = PBXFileReference; lastKnownFileType = sourcecode.swift; path = Marker.swift; sourceTree = "<group>"; };
		82849CD9284FFD890004A347 /* TodoContainerView.swift */ = {isa = PBXFileReference; lastKnownFileType = sourcecode.swift; path = TodoContainerView.swift; sourceTree = "<group>"; };
		82849CDC284FFE290004A347 /* AppContainerView.swift */ = {isa = PBXFileReference; lastKnownFileType = sourcecode.swift; path = AppContainerView.swift; sourceTree = "<group>"; };
		82849CE0284FFFFD0004A347 /* ListItem.swift */ = {isa = PBXFileReference; lastKnownFileType = sourcecode.swift; path = ListItem.swift; sourceTree = "<group>"; };
		82849CE5285028910004A347 /* SwipeCardsContainer.swift */ = {isa = PBXFileReference; lastKnownFileType = sourcecode.swift; path = SwipeCardsContainer.swift; sourceTree = "<group>"; };
		82849CE828502A210004A347 /* Card.swift */ = {isa = PBXFileReference; lastKnownFileType = sourcecode.swift; path = Card.swift; sourceTree = "<group>"; };
		82BEE01E2851ADEE00DB3DD0 /* Person.swift */ = {isa = PBXFileReference; lastKnownFileType = sourcecode.swift; path = Person.swift; sourceTree = "<group>"; };
		82BEE0222851C0B500DB3DD0 /* Color.swift */ = {isa = PBXFileReference; lastKnownFileType = sourcecode.swift; path = Color.swift; sourceTree = "<group>"; };
		82C702EA27804B2400CCA8EB /* PlaygroundApp.swift */ = {isa = PBXFileReference; lastKnownFileType = sourcecode.swift; path = PlaygroundApp.swift; sourceTree = "<group>"; };
		82C702EC27804B2500CCA8EB /* Assets.xcassets */ = {isa = PBXFileReference; lastKnownFileType = folder.assetcatalog; path = Assets.xcassets; sourceTree = "<group>"; };
		82C702F127804B2600CCA8EB /* Ege's Playground.app */ = {isa = PBXFileReference; explicitFileType = wrapper.application; includeInIndex = 0; path = "Ege's Playground.app"; sourceTree = BUILT_PRODUCTS_DIR; };
		82C702F727804B2600CCA8EB /* Ege's Playground.app */ = {isa = PBXFileReference; explicitFileType = wrapper.application; includeInIndex = 0; path = "Ege's Playground.app"; sourceTree = BUILT_PRODUCTS_DIR; };
		82C702F927804B2600CCA8EB /* macOS.entitlements */ = {isa = PBXFileReference; lastKnownFileType = text.plist.entitlements; path = macOS.entitlements; sourceTree = "<group>"; };
		82C702FE27804B2600CCA8EB /* Tests iOS.xctest */ = {isa = PBXFileReference; explicitFileType = wrapper.cfbundle; includeInIndex = 0; path = "Tests iOS.xctest"; sourceTree = BUILT_PRODUCTS_DIR; };
		82C7030227804B2600CCA8EB /* Tests_iOS.swift */ = {isa = PBXFileReference; lastKnownFileType = sourcecode.swift; path = Tests_iOS.swift; sourceTree = "<group>"; };
		82C7030427804B2600CCA8EB /* Tests_iOSLaunchTests.swift */ = {isa = PBXFileReference; lastKnownFileType = sourcecode.swift; path = Tests_iOSLaunchTests.swift; sourceTree = "<group>"; };
		82C7030A27804B2600CCA8EB /* Tests macOS.xctest */ = {isa = PBXFileReference; explicitFileType = wrapper.cfbundle; includeInIndex = 0; path = "Tests macOS.xctest"; sourceTree = BUILT_PRODUCTS_DIR; };
		82C7030E27804B2600CCA8EB /* Tests_macOS.swift */ = {isa = PBXFileReference; lastKnownFileType = sourcecode.swift; path = Tests_macOS.swift; sourceTree = "<group>"; };
		82C7031027804B2600CCA8EB /* Tests_macOSLaunchTests.swift */ = {isa = PBXFileReference; lastKnownFileType = sourcecode.swift; path = Tests_macOSLaunchTests.swift; sourceTree = "<group>"; };
		82F8B0912859A662006CF25D /* DetailsPage.swift */ = {isa = PBXFileReference; lastKnownFileType = sourcecode.swift; path = DetailsPage.swift; sourceTree = "<group>"; };
		82F8B0932859B13E006CF25D /* Clamp.swift */ = {isa = PBXFileReference; lastKnownFileType = sourcecode.swift; path = Clamp.swift; sourceTree = "<group>"; };
		82FBE75128611993002019F7 /* ScrollView.swift */ = {isa = PBXFileReference; lastKnownFileType = sourcecode.swift; path = ScrollView.swift; sourceTree = "<group>"; };
		82FBE753286122DB002019F7 /* NationalPark.swift */ = {isa = PBXFileReference; lastKnownFileType = sourcecode.swift; path = NationalPark.swift; sourceTree = "<group>"; };
/* End PBXFileReference section */

/* Begin PBXFrameworksBuildPhase section */
		82C702EE27804B2600CCA8EB /* Frameworks */ = {
			isa = PBXFrameworksBuildPhase;
			buildActionMask = 2147483647;
			files = (
			);
			runOnlyForDeploymentPostprocessing = 0;
		};
		82C702F427804B2600CCA8EB /* Frameworks */ = {
			isa = PBXFrameworksBuildPhase;
			buildActionMask = 2147483647;
			files = (
			);
			runOnlyForDeploymentPostprocessing = 0;
		};
		82C702FB27804B2600CCA8EB /* Frameworks */ = {
			isa = PBXFrameworksBuildPhase;
			buildActionMask = 2147483647;
			files = (
			);
			runOnlyForDeploymentPostprocessing = 0;
		};
		82C7030727804B2600CCA8EB /* Frameworks */ = {
			isa = PBXFrameworksBuildPhase;
			buildActionMask = 2147483647;
			files = (
			);
			runOnlyForDeploymentPostprocessing = 0;
		};
/* End PBXFrameworksBuildPhase section */

/* Begin PBXGroup section */
		8242798C2780C5A600D03083 /* Todo */ = {
			isa = PBXGroup;
			children = (
				82554DD027807D4A00634ECF /* Todo.swift */,
				82554DCD27807A5A00634ECF /* TodoList.swift */,
				82554DD32780820300634ECF /* TodoInput.swift */,
				824279892780C53900D03083 /* TodoItem.swift */,
				82849CD9284FFD890004A347 /* TodoContainerView.swift */,
			);
			path = Todo;
			sourceTree = "<group>";
		};
		826C9238285451F300FCCDD4 /* Maps */ = {
			isa = PBXGroup;
			children = (
				826C92392854520A00FCCDD4 /* MapsApp.swift */,
				826C923B28545B1D00FCCDD4 /* Point.swift */,
				826C923F28545F5600FCCDD4 /* Marker.swift */,
			);
			path = Maps;
			sourceTree = "<group>";
		};
		82849CDF284FFE930004A347 /* Components */ = {
			isa = PBXGroup;
			children = (
				82554DCA278077E200634ECF /* Title.swift */,
				82849CE0284FFFFD0004A347 /* ListItem.swift */,
			);
			path = Components;
			sourceTree = "<group>";
		};
		82849CE4285028780004A347 /* SwipeCards */ = {
			isa = PBXGroup;
			children = (
				82849CE5285028910004A347 /* SwipeCardsContainer.swift */,
				82849CE828502A210004A347 /* Card.swift */,
				82BEE01E2851ADEE00DB3DD0 /* Person.swift */,
			);
			path = SwipeCards;
			sourceTree = "<group>";
		};
		82BEE0212851C0AD00DB3DD0 /* Utils */ = {
			isa = PBXGroup;
			children = (
				82BEE0222851C0B500DB3DD0 /* Color.swift */,
				82F8B0932859B13E006CF25D /* Clamp.swift */,
				82FBE75128611993002019F7 /* ScrollView.swift */,
			);
			path = Utils;
			sourceTree = "<group>";
		};
		82C702E427804B2400CCA8EB = {
			isa = PBXGroup;
			children = (
				82C702E927804B2400CCA8EB /* Shared */,
				82C702F827804B2600CCA8EB /* macOS */,
				82C7030127804B2600CCA8EB /* Tests iOS */,
				82C7030D27804B2600CCA8EB /* Tests macOS */,
				82C702F227804B2600CCA8EB /* Products */,
			);
			sourceTree = "<group>";
		};
		82C702E927804B2400CCA8EB /* Shared */ = {
			isa = PBXGroup;
			children = (
				82F8B0902859A523006CF25D /* DetailsPage */,
				826C9238285451F300FCCDD4 /* Maps */,
				82BEE0212851C0AD00DB3DD0 /* Utils */,
				82849CE4285028780004A347 /* SwipeCards */,
				82849CDF284FFE930004A347 /* Components */,
				8242798C2780C5A600D03083 /* Todo */,
				82C702EA27804B2400CCA8EB /* PlaygroundApp.swift */,
				82C702EC27804B2500CCA8EB /* Assets.xcassets */,
				82849CDC284FFE290004A347 /* AppContainerView.swift */,
			);
			path = Shared;
			sourceTree = "<group>";
		};
		82C702F227804B2600CCA8EB /* Products */ = {
			isa = PBXGroup;
			children = (
				82C702F127804B2600CCA8EB /* Ege's Playground.app */,
				82C702F727804B2600CCA8EB /* Ege's Playground.app */,
				82C702FE27804B2600CCA8EB /* Tests iOS.xctest */,
				82C7030A27804B2600CCA8EB /* Tests macOS.xctest */,
			);
			name = Products;
			sourceTree = "<group>";
		};
		82C702F827804B2600CCA8EB /* macOS */ = {
			isa = PBXGroup;
			children = (
				82C702F927804B2600CCA8EB /* macOS.entitlements */,
			);
			path = macOS;
			sourceTree = "<group>";
		};
		82C7030127804B2600CCA8EB /* Tests iOS */ = {
			isa = PBXGroup;
			children = (
				82C7030227804B2600CCA8EB /* Tests_iOS.swift */,
				82C7030427804B2600CCA8EB /* Tests_iOSLaunchTests.swift */,
			);
			path = "Tests iOS";
			sourceTree = "<group>";
		};
		82C7030D27804B2600CCA8EB /* Tests macOS */ = {
			isa = PBXGroup;
			children = (
				82C7030E27804B2600CCA8EB /* Tests_macOS.swift */,
				82C7031027804B2600CCA8EB /* Tests_macOSLaunchTests.swift */,
			);
			path = "Tests macOS";
			sourceTree = "<group>";
		};
		82F8B0902859A523006CF25D /* DetailsPage */ = {
			isa = PBXGroup;
			children = (
				82F8B0912859A662006CF25D /* DetailsPage.swift */,
				82FBE753286122DB002019F7 /* NationalPark.swift */,
			);
			path = DetailsPage;
			sourceTree = "<group>";
		};
/* End PBXGroup section */

/* Begin PBXNativeTarget section */
		82C702F027804B2600CCA8EB /* Ege's Playground (iOS) */ = {
			isa = PBXNativeTarget;
			buildConfigurationList = 82C7031A27804B2600CCA8EB /* Build configuration list for PBXNativeTarget "Ege's Playground (iOS)" */;
			buildPhases = (
				82C702ED27804B2600CCA8EB /* Sources */,
				82C702EE27804B2600CCA8EB /* Frameworks */,
				82C702EF27804B2600CCA8EB /* Resources */,
			);
			buildRules = (
			);
			dependencies = (
			);
			name = "Ege's Playground (iOS)";
			productName = "todo-app (iOS)";
			productReference = 82C702F127804B2600CCA8EB /* Ege's Playground.app */;
			productType = "com.apple.product-type.application";
		};
		82C702F627804B2600CCA8EB /* Ege's Playground (macOS) */ = {
			isa = PBXNativeTarget;
			buildConfigurationList = 82C7031D27804B2600CCA8EB /* Build configuration list for PBXNativeTarget "Ege's Playground (macOS)" */;
			buildPhases = (
				82C702F327804B2600CCA8EB /* Sources */,
				82C702F427804B2600CCA8EB /* Frameworks */,
				82C702F527804B2600CCA8EB /* Resources */,
			);
			buildRules = (
			);
			dependencies = (
			);
			name = "Ege's Playground (macOS)";
			productName = "todo-app (macOS)";
			productReference = 82C702F727804B2600CCA8EB /* Ege's Playground.app */;
			productType = "com.apple.product-type.application";
		};
		82C702FD27804B2600CCA8EB /* Tests iOS */ = {
			isa = PBXNativeTarget;
			buildConfigurationList = 82C7032027804B2600CCA8EB /* Build configuration list for PBXNativeTarget "Tests iOS" */;
			buildPhases = (
				82C702FA27804B2600CCA8EB /* Sources */,
				82C702FB27804B2600CCA8EB /* Frameworks */,
				82C702FC27804B2600CCA8EB /* Resources */,
			);
			buildRules = (
			);
			dependencies = (
				82C7030027804B2600CCA8EB /* PBXTargetDependency */,
			);
			name = "Tests iOS";
			productName = "Tests iOS";
			productReference = 82C702FE27804B2600CCA8EB /* Tests iOS.xctest */;
			productType = "com.apple.product-type.bundle.ui-testing";
		};
		82C7030927804B2600CCA8EB /* Tests macOS */ = {
			isa = PBXNativeTarget;
			buildConfigurationList = 82C7032327804B2600CCA8EB /* Build configuration list for PBXNativeTarget "Tests macOS" */;
			buildPhases = (
				82C7030627804B2600CCA8EB /* Sources */,
				82C7030727804B2600CCA8EB /* Frameworks */,
				82C7030827804B2600CCA8EB /* Resources */,
			);
			buildRules = (
			);
			dependencies = (
				82C7030C27804B2600CCA8EB /* PBXTargetDependency */,
			);
			name = "Tests macOS";
			productName = "Tests macOS";
			productReference = 82C7030A27804B2600CCA8EB /* Tests macOS.xctest */;
			productType = "com.apple.product-type.bundle.ui-testing";
		};
/* End PBXNativeTarget section */

/* Begin PBXProject section */
		82C702E527804B2400CCA8EB /* Project object */ = {
			isa = PBXProject;
			attributes = {
				BuildIndependentTargetsInParallel = 1;
				LastSwiftUpdateCheck = 1320;
				LastUpgradeCheck = 1340;
				TargetAttributes = {
					82C702F027804B2600CCA8EB = {
						CreatedOnToolsVersion = 13.2.1;
					};
					82C702F627804B2600CCA8EB = {
						CreatedOnToolsVersion = 13.2.1;
					};
					82C702FD27804B2600CCA8EB = {
						CreatedOnToolsVersion = 13.2.1;
						TestTargetID = 82C702F027804B2600CCA8EB;
					};
					82C7030927804B2600CCA8EB = {
						CreatedOnToolsVersion = 13.2.1;
						TestTargetID = 82C702F627804B2600CCA8EB;
					};
				};
			};
			buildConfigurationList = 82C702E827804B2400CCA8EB /* Build configuration list for PBXProject "Ege's Playground" */;
			compatibilityVersion = "Xcode 13.0";
			developmentRegion = en;
			hasScannedForEncodings = 0;
			knownRegions = (
				en,
				Base,
			);
			mainGroup = 82C702E427804B2400CCA8EB;
			productRefGroup = 82C702F227804B2600CCA8EB /* Products */;
			projectDirPath = "";
			projectRoot = "";
			targets = (
				82C702F027804B2600CCA8EB /* Ege's Playground (iOS) */,
				82C702F627804B2600CCA8EB /* Ege's Playground (macOS) */,
				82C702FD27804B2600CCA8EB /* Tests iOS */,
				82C7030927804B2600CCA8EB /* Tests macOS */,
			);
		};
/* End PBXProject section */

/* Begin PBXResourcesBuildPhase section */
		82C702EF27804B2600CCA8EB /* Resources */ = {
			isa = PBXResourcesBuildPhase;
			buildActionMask = 2147483647;
			files = (
				82C7031627804B2600CCA8EB /* Assets.xcassets in Resources */,
			);
			runOnlyForDeploymentPostprocessing = 0;
		};
		82C702F527804B2600CCA8EB /* Resources */ = {
			isa = PBXResourcesBuildPhase;
			buildActionMask = 2147483647;
			files = (
				82C7031727804B2600CCA8EB /* Assets.xcassets in Resources */,
			);
			runOnlyForDeploymentPostprocessing = 0;
		};
		82C702FC27804B2600CCA8EB /* Resources */ = {
			isa = PBXResourcesBuildPhase;
			buildActionMask = 2147483647;
			files = (
			);
			runOnlyForDeploymentPostprocessing = 0;
		};
		82C7030827804B2600CCA8EB /* Resources */ = {
			isa = PBXResourcesBuildPhase;
			buildActionMask = 2147483647;
			files = (
			);
			runOnlyForDeploymentPostprocessing = 0;
		};
/* End PBXResourcesBuildPhase section */

/* Begin PBXSourcesBuildPhase section */
		82C702ED27804B2600CCA8EB /* Sources */ = {
			isa = PBXSourcesBuildPhase;
			buildActionMask = 2147483647;
			files = (
				82849CE6285028910004A347 /* SwipeCardsContainer.swift in Sources */,
				82FBE75228611993002019F7 /* ScrollView.swift in Sources */,
				82F8B0942859B13E006CF25D /* Clamp.swift in Sources */,
				82849CDD284FFE290004A347 /* AppContainerView.swift in Sources */,
				826C923A2854520A00FCCDD4 /* MapsApp.swift in Sources */,
				82FBE754286122DB002019F7 /* NationalPark.swift in Sources */,
				8242798A2780C53900D03083 /* TodoItem.swift in Sources */,
				82554DD42780820300634ECF /* TodoInput.swift in Sources */,
				82BEE0232851C0B500DB3DD0 /* Color.swift in Sources */,
				82849CE1284FFFFD0004A347 /* ListItem.swift in Sources */,
				82554DCB278077E200634ECF /* Title.swift in Sources */,
				82BEE01F2851ADEE00DB3DD0 /* Person.swift in Sources */,
				826C924028545F5600FCCDD4 /* Marker.swift in Sources */,
				82C7031227804B2600CCA8EB /* PlaygroundApp.swift in Sources */,
				82554DCE27807A5A00634ECF /* TodoList.swift in Sources */,
				826C923C28545B1D00FCCDD4 /* Point.swift in Sources */,
				82849CDA284FFD890004A347 /* TodoContainerView.swift in Sources */,
				82F8B0922859A662006CF25D /* DetailsPage.swift in Sources */,
				82554DD127807D4A00634ECF /* Todo.swift in Sources */,
				82849CE928502A210004A347 /* Card.swift in Sources */,
			);
			runOnlyForDeploymentPostprocessing = 0;
		};
		82C702F327804B2600CCA8EB /* Sources */ = {
			isa = PBXSourcesBuildPhase;
			buildActionMask = 2147483647;
			files = (
				82849CE7285028910004A347 /* SwipeCardsContainer.swift in Sources */,
				82849CDE284FFE290004A347 /* AppContainerView.swift in Sources */,
				8242798B2780C53900D03083 /* TodoItem.swift in Sources */,
				82554DD52780820300634ECF /* TodoInput.swift in Sources */,
				82BEE0242851C0B500DB3DD0 /* Color.swift in Sources */,
				82849CE2284FFFFD0004A347 /* ListItem.swift in Sources */,
				82554DCC278077E200634ECF /* Title.swift in Sources */,
				82BEE0202851ADEE00DB3DD0 /* Person.swift in Sources */,
				82C7031327804B2600CCA8EB /* PlaygroundApp.swift in Sources */,
				82554DCF27807A5A00634ECF /* TodoList.swift in Sources */,
				82849CDB284FFD890004A347 /* TodoContainerView.swift in Sources */,
				82554DD227807D4A00634ECF /* Todo.swift in Sources */,
				82849CEA28502A210004A347 /* Card.swift in Sources */,
			);
			runOnlyForDeploymentPostprocessing = 0;
		};
		82C702FA27804B2600CCA8EB /* Sources */ = {
			isa = PBXSourcesBuildPhase;
			buildActionMask = 2147483647;
			files = (
				82C7030527804B2600CCA8EB /* Tests_iOSLaunchTests.swift in Sources */,
				82C7030327804B2600CCA8EB /* Tests_iOS.swift in Sources */,
			);
			runOnlyForDeploymentPostprocessing = 0;
		};
		82C7030627804B2600CCA8EB /* Sources */ = {
			isa = PBXSourcesBuildPhase;
			buildActionMask = 2147483647;
			files = (
				82C7031127804B2600CCA8EB /* Tests_macOSLaunchTests.swift in Sources */,
				82C7030F27804B2600CCA8EB /* Tests_macOS.swift in Sources */,
			);
			runOnlyForDeploymentPostprocessing = 0;
		};
/* End PBXSourcesBuildPhase section */

/* Begin PBXTargetDependency section */
		82C7030027804B2600CCA8EB /* PBXTargetDependency */ = {
			isa = PBXTargetDependency;
			target = 82C702F027804B2600CCA8EB /* Ege's Playground (iOS) */;
			targetProxy = 82C702FF27804B2600CCA8EB /* PBXContainerItemProxy */;
		};
		82C7030C27804B2600CCA8EB /* PBXTargetDependency */ = {
			isa = PBXTargetDependency;
			target = 82C702F627804B2600CCA8EB /* Ege's Playground (macOS) */;
			targetProxy = 82C7030B27804B2600CCA8EB /* PBXContainerItemProxy */;
		};
/* End PBXTargetDependency section */

/* Begin XCBuildConfiguration section */
		82C7031827804B2600CCA8EB /* Debug */ = {
			isa = XCBuildConfiguration;
			buildSettings = {
				ALWAYS_SEARCH_USER_PATHS = NO;
				CLANG_ANALYZER_NONNULL = YES;
				CLANG_ANALYZER_NUMBER_OBJECT_CONVERSION = YES_AGGRESSIVE;
				CLANG_CXX_LANGUAGE_STANDARD = "gnu++17";
				CLANG_CXX_LIBRARY = "libc++";
				CLANG_ENABLE_MODULES = YES;
				CLANG_ENABLE_OBJC_ARC = YES;
				CLANG_ENABLE_OBJC_WEAK = YES;
				CLANG_WARN_BLOCK_CAPTURE_AUTORELEASING = YES;
				CLANG_WARN_BOOL_CONVERSION = YES;
				CLANG_WARN_COMMA = YES;
				CLANG_WARN_CONSTANT_CONVERSION = YES;
				CLANG_WARN_DEPRECATED_OBJC_IMPLEMENTATIONS = YES;
				CLANG_WARN_DIRECT_OBJC_ISA_USAGE = YES_ERROR;
				CLANG_WARN_DOCUMENTATION_COMMENTS = YES;
				CLANG_WARN_EMPTY_BODY = YES;
				CLANG_WARN_ENUM_CONVERSION = YES;
				CLANG_WARN_INFINITE_RECURSION = YES;
				CLANG_WARN_INT_CONVERSION = YES;
				CLANG_WARN_NON_LITERAL_NULL_CONVERSION = YES;
				CLANG_WARN_OBJC_IMPLICIT_RETAIN_SELF = YES;
				CLANG_WARN_OBJC_LITERAL_CONVERSION = YES;
				CLANG_WARN_OBJC_ROOT_CLASS = YES_ERROR;
				CLANG_WARN_QUOTED_INCLUDE_IN_FRAMEWORK_HEADER = YES;
				CLANG_WARN_RANGE_LOOP_ANALYSIS = YES;
				CLANG_WARN_STRICT_PROTOTYPES = YES;
				CLANG_WARN_SUSPICIOUS_MOVE = YES;
				CLANG_WARN_UNGUARDED_AVAILABILITY = YES_AGGRESSIVE;
				CLANG_WARN_UNREACHABLE_CODE = YES;
				CLANG_WARN__DUPLICATE_METHOD_MATCH = YES;
				COPY_PHASE_STRIP = NO;
				DEBUG_INFORMATION_FORMAT = dwarf;
				ENABLE_STRICT_OBJC_MSGSEND = YES;
				ENABLE_TESTABILITY = YES;
				GCC_C_LANGUAGE_STANDARD = gnu11;
				GCC_DYNAMIC_NO_PIC = NO;
				GCC_NO_COMMON_BLOCKS = YES;
				GCC_OPTIMIZATION_LEVEL = 0;
				GCC_PREPROCESSOR_DEFINITIONS = (
					"DEBUG=1",
					"$(inherited)",
				);
				GCC_WARN_64_TO_32_BIT_CONVERSION = YES;
				GCC_WARN_ABOUT_RETURN_TYPE = YES_ERROR;
				GCC_WARN_UNDECLARED_SELECTOR = YES;
				GCC_WARN_UNINITIALIZED_AUTOS = YES_AGGRESSIVE;
				GCC_WARN_UNUSED_FUNCTION = YES;
				GCC_WARN_UNUSED_VARIABLE = YES;
				MTL_ENABLE_DEBUG_INFO = INCLUDE_SOURCE;
				MTL_FAST_MATH = YES;
				ONLY_ACTIVE_ARCH = YES;
				SWIFT_ACTIVE_COMPILATION_CONDITIONS = DEBUG;
				SWIFT_OPTIMIZATION_LEVEL = "-Onone";
			};
			name = Debug;
		};
		82C7031927804B2600CCA8EB /* Release */ = {
			isa = XCBuildConfiguration;
			buildSettings = {
				ALWAYS_SEARCH_USER_PATHS = NO;
				CLANG_ANALYZER_NONNULL = YES;
				CLANG_ANALYZER_NUMBER_OBJECT_CONVERSION = YES_AGGRESSIVE;
				CLANG_CXX_LANGUAGE_STANDARD = "gnu++17";
				CLANG_CXX_LIBRARY = "libc++";
				CLANG_ENABLE_MODULES = YES;
				CLANG_ENABLE_OBJC_ARC = YES;
				CLANG_ENABLE_OBJC_WEAK = YES;
				CLANG_WARN_BLOCK_CAPTURE_AUTORELEASING = YES;
				CLANG_WARN_BOOL_CONVERSION = YES;
				CLANG_WARN_COMMA = YES;
				CLANG_WARN_CONSTANT_CONVERSION = YES;
				CLANG_WARN_DEPRECATED_OBJC_IMPLEMENTATIONS = YES;
				CLANG_WARN_DIRECT_OBJC_ISA_USAGE = YES_ERROR;
				CLANG_WARN_DOCUMENTATION_COMMENTS = YES;
				CLANG_WARN_EMPTY_BODY = YES;
				CLANG_WARN_ENUM_CONVERSION = YES;
				CLANG_WARN_INFINITE_RECURSION = YES;
				CLANG_WARN_INT_CONVERSION = YES;
				CLANG_WARN_NON_LITERAL_NULL_CONVERSION = YES;
				CLANG_WARN_OBJC_IMPLICIT_RETAIN_SELF = YES;
				CLANG_WARN_OBJC_LITERAL_CONVERSION = YES;
				CLANG_WARN_OBJC_ROOT_CLASS = YES_ERROR;
				CLANG_WARN_QUOTED_INCLUDE_IN_FRAMEWORK_HEADER = YES;
				CLANG_WARN_RANGE_LOOP_ANALYSIS = YES;
				CLANG_WARN_STRICT_PROTOTYPES = YES;
				CLANG_WARN_SUSPICIOUS_MOVE = YES;
				CLANG_WARN_UNGUARDED_AVAILABILITY = YES_AGGRESSIVE;
				CLANG_WARN_UNREACHABLE_CODE = YES;
				CLANG_WARN__DUPLICATE_METHOD_MATCH = YES;
				COPY_PHASE_STRIP = NO;
				DEBUG_INFORMATION_FORMAT = "dwarf-with-dsym";
				ENABLE_NS_ASSERTIONS = NO;
				ENABLE_STRICT_OBJC_MSGSEND = YES;
				GCC_C_LANGUAGE_STANDARD = gnu11;
				GCC_NO_COMMON_BLOCKS = YES;
				GCC_WARN_64_TO_32_BIT_CONVERSION = YES;
				GCC_WARN_ABOUT_RETURN_TYPE = YES_ERROR;
				GCC_WARN_UNDECLARED_SELECTOR = YES;
				GCC_WARN_UNINITIALIZED_AUTOS = YES_AGGRESSIVE;
				GCC_WARN_UNUSED_FUNCTION = YES;
				GCC_WARN_UNUSED_VARIABLE = YES;
				MTL_ENABLE_DEBUG_INFO = NO;
				MTL_FAST_MATH = YES;
				SWIFT_COMPILATION_MODE = wholemodule;
				SWIFT_OPTIMIZATION_LEVEL = "-O";
			};
			name = Release;
		};
		82C7031B27804B2600CCA8EB /* Debug */ = {
			isa = XCBuildConfiguration;
			buildSettings = {
				ASSETCATALOG_COMPILER_APPICON_NAME = AppIcon;
				ASSETCATALOG_COMPILER_GLOBAL_ACCENT_COLOR_NAME = AccentColor;
				CODE_SIGN_STYLE = Automatic;
				CURRENT_PROJECT_VERSION = 1;
				DEVELOPMENT_TEAM = 93BMXJR4C7;
				ENABLE_PREVIEWS = YES;
				GENERATE_INFOPLIST_FILE = YES;
				INFOPLIST_KEY_UIApplicationSceneManifest_Generation = YES;
				INFOPLIST_KEY_UIApplicationSupportsIndirectInputEvents = YES;
				INFOPLIST_KEY_UILaunchScreen_Generation = YES;
				INFOPLIST_KEY_UISupportedInterfaceOrientations_iPad = "UIInterfaceOrientationPortrait UIInterfaceOrientationPortraitUpsideDown UIInterfaceOrientationLandscapeLeft UIInterfaceOrientationLandscapeRight";
				INFOPLIST_KEY_UISupportedInterfaceOrientations_iPhone = "UIInterfaceOrientationPortrait UIInterfaceOrientationLandscapeLeft UIInterfaceOrientationLandscapeRight";
				IPHONEOS_DEPLOYMENT_TARGET = 15.2;
				LD_RUNPATH_SEARCH_PATHS = (
					"$(inherited)",
					"@executable_path/Frameworks",
				);
				MARKETING_VERSION = 1.0;
				PRODUCT_BUNDLE_IDENTIFIER = "com.egecavusoglu.eges-playground";
				PRODUCT_NAME = "Ege's Playground";
				SDKROOT = iphoneos;
				SWIFT_EMIT_LOC_STRINGS = YES;
				SWIFT_VERSION = 5.0;
				TARGETED_DEVICE_FAMILY = "1,2";
			};
			name = Debug;
		};
		82C7031C27804B2600CCA8EB /* Release */ = {
			isa = XCBuildConfiguration;
			buildSettings = {
				ASSETCATALOG_COMPILER_APPICON_NAME = AppIcon;
				ASSETCATALOG_COMPILER_GLOBAL_ACCENT_COLOR_NAME = AccentColor;
				CODE_SIGN_STYLE = Automatic;
				CURRENT_PROJECT_VERSION = 1;
				DEVELOPMENT_TEAM = 93BMXJR4C7;
				ENABLE_PREVIEWS = YES;
				GENERATE_INFOPLIST_FILE = YES;
				INFOPLIST_KEY_UIApplicationSceneManifest_Generation = YES;
				INFOPLIST_KEY_UIApplicationSupportsIndirectInputEvents = YES;
				INFOPLIST_KEY_UILaunchScreen_Generation = YES;
				INFOPLIST_KEY_UISupportedInterfaceOrientations_iPad = "UIInterfaceOrientationPortrait UIInterfaceOrientationPortraitUpsideDown UIInterfaceOrientationLandscapeLeft UIInterfaceOrientationLandscapeRight";
				INFOPLIST_KEY_UISupportedInterfaceOrientations_iPhone = "UIInterfaceOrientationPortrait UIInterfaceOrientationLandscapeLeft UIInterfaceOrientationLandscapeRight";
				IPHONEOS_DEPLOYMENT_TARGET = 15.2;
				LD_RUNPATH_SEARCH_PATHS = (
					"$(inherited)",
					"@executable_path/Frameworks",
				);
				MARKETING_VERSION = 1.0;
				PRODUCT_BUNDLE_IDENTIFIER = "com.egecavusoglu.eges-playground";
				PRODUCT_NAME = "Ege's Playground";
				SDKROOT = iphoneos;
				SWIFT_EMIT_LOC_STRINGS = YES;
				SWIFT_VERSION = 5.0;
				TARGETED_DEVICE_FAMILY = "1,2";
				VALIDATE_PRODUCT = YES;
			};
			name = Release;
		};
		82C7031E27804B2600CCA8EB /* Debug */ = {
			isa = XCBuildConfiguration;
			buildSettings = {
				ASSETCATALOG_COMPILER_APPICON_NAME = AppIcon;
				ASSETCATALOG_COMPILER_GLOBAL_ACCENT_COLOR_NAME = AccentColor;
				CODE_SIGN_ENTITLEMENTS = macOS/macOS.entitlements;
				CODE_SIGN_IDENTITY = "-";
				CODE_SIGN_STYLE = Automatic;
				COMBINE_HIDPI_IMAGES = YES;
				CURRENT_PROJECT_VERSION = 1;
				ENABLE_PREVIEWS = YES;
				GENERATE_INFOPLIST_FILE = YES;
				INFOPLIST_KEY_NSHumanReadableCopyright = "";
				LD_RUNPATH_SEARCH_PATHS = (
					"$(inherited)",
					"@executable_path/../Frameworks",
				);
				MACOSX_DEPLOYMENT_TARGET = 12.0;
				MARKETING_VERSION = 1.0;
				PRODUCT_BUNDLE_IDENTIFIER = "com.egecavusoglu.todo-app";
				PRODUCT_NAME = "Ege's Playground";
				SDKROOT = macosx;
				SWIFT_EMIT_LOC_STRINGS = YES;
				SWIFT_VERSION = 5.0;
			};
			name = Debug;
		};
		82C7031F27804B2600CCA8EB /* Release */ = {
			isa = XCBuildConfiguration;
			buildSettings = {
				ASSETCATALOG_COMPILER_APPICON_NAME = AppIcon;
				ASSETCATALOG_COMPILER_GLOBAL_ACCENT_COLOR_NAME = AccentColor;
				CODE_SIGN_ENTITLEMENTS = macOS/macOS.entitlements;
				CODE_SIGN_IDENTITY = "-";
				CODE_SIGN_STYLE = Automatic;
				COMBINE_HIDPI_IMAGES = YES;
				CURRENT_PROJECT_VERSION = 1;
				ENABLE_PREVIEWS = YES;
				GENERATE_INFOPLIST_FILE = YES;
				INFOPLIST_KEY_NSHumanReadableCopyright = "";
				LD_RUNPATH_SEARCH_PATHS = (
					"$(inherited)",
					"@executable_path/../Frameworks",
				);
				MACOSX_DEPLOYMENT_TARGET = 12.0;
				MARKETING_VERSION = 1.0;
				PRODUCT_BUNDLE_IDENTIFIER = "com.egecavusoglu.todo-app";
				PRODUCT_NAME = "Ege's Playground";
				SDKROOT = macosx;
				SWIFT_EMIT_LOC_STRINGS = YES;
				SWIFT_VERSION = 5.0;
			};
			name = Release;
		};
		82C7032127804B2600CCA8EB /* Debug */ = {
			isa = XCBuildConfiguration;
			buildSettings = {
				ALWAYS_EMBED_SWIFT_STANDARD_LIBRARIES = YES;
				CODE_SIGN_STYLE = Automatic;
				CURRENT_PROJECT_VERSION = 1;
				GENERATE_INFOPLIST_FILE = YES;
				IPHONEOS_DEPLOYMENT_TARGET = 15.2;
				MARKETING_VERSION = 1.0;
				PRODUCT_BUNDLE_IDENTIFIER = "com.egecavusoglu.Tests-iOS";
				PRODUCT_NAME = "$(TARGET_NAME)";
				SDKROOT = iphoneos;
				SWIFT_EMIT_LOC_STRINGS = NO;
				SWIFT_VERSION = 5.0;
				TARGETED_DEVICE_FAMILY = "1,2";
				TEST_TARGET_NAME = "todo-app (iOS)";
			};
			name = Debug;
		};
		82C7032227804B2600CCA8EB /* Release */ = {
			isa = XCBuildConfiguration;
			buildSettings = {
				ALWAYS_EMBED_SWIFT_STANDARD_LIBRARIES = YES;
				CODE_SIGN_STYLE = Automatic;
				CURRENT_PROJECT_VERSION = 1;
				GENERATE_INFOPLIST_FILE = YES;
				IPHONEOS_DEPLOYMENT_TARGET = 15.2;
				MARKETING_VERSION = 1.0;
				PRODUCT_BUNDLE_IDENTIFIER = "com.egecavusoglu.Tests-iOS";
				PRODUCT_NAME = "$(TARGET_NAME)";
				SDKROOT = iphoneos;
				SWIFT_EMIT_LOC_STRINGS = NO;
				SWIFT_VERSION = 5.0;
				TARGETED_DEVICE_FAMILY = "1,2";
				TEST_TARGET_NAME = "todo-app (iOS)";
				VALIDATE_PRODUCT = YES;
			};
			name = Release;
		};
		82C7032427804B2600CCA8EB /* Debug */ = {
			isa = XCBuildConfiguration;
			buildSettings = {
				ALWAYS_EMBED_SWIFT_STANDARD_LIBRARIES = YES;
				CODE_SIGN_STYLE = Automatic;
				CURRENT_PROJECT_VERSION = 1;
				GENERATE_INFOPLIST_FILE = YES;
				MACOSX_DEPLOYMENT_TARGET = 12.0;
				MARKETING_VERSION = 1.0;
				PRODUCT_BUNDLE_IDENTIFIER = "com.egecavusoglu.Tests-macOS";
				PRODUCT_NAME = "$(TARGET_NAME)";
				SDKROOT = macosx;
				SWIFT_EMIT_LOC_STRINGS = NO;
				SWIFT_VERSION = 5.0;
				TEST_TARGET_NAME = "todo-app (macOS)";
			};
			name = Debug;
		};
		82C7032527804B2600CCA8EB /* Release */ = {
			isa = XCBuildConfiguration;
			buildSettings = {
				ALWAYS_EMBED_SWIFT_STANDARD_LIBRARIES = YES;
				CODE_SIGN_STYLE = Automatic;
				CURRENT_PROJECT_VERSION = 1;
				GENERATE_INFOPLIST_FILE = YES;
				MACOSX_DEPLOYMENT_TARGET = 12.0;
				MARKETING_VERSION = 1.0;
				PRODUCT_BUNDLE_IDENTIFIER = "com.egecavusoglu.Tests-macOS";
				PRODUCT_NAME = "$(TARGET_NAME)";
				SDKROOT = macosx;
				SWIFT_EMIT_LOC_STRINGS = NO;
				SWIFT_VERSION = 5.0;
				TEST_TARGET_NAME = "todo-app (macOS)";
			};
			name = Release;
		};
/* End XCBuildConfiguration section */

/* Begin XCConfigurationList section */
		82C702E827804B2400CCA8EB /* Build configuration list for PBXProject "Ege's Playground" */ = {
			isa = XCConfigurationList;
			buildConfigurations = (
				82C7031827804B2600CCA8EB /* Debug */,
				82C7031927804B2600CCA8EB /* Release */,
			);
			defaultConfigurationIsVisible = 0;
			defaultConfigurationName = Release;
		};
		82C7031A27804B2600CCA8EB /* Build configuration list for PBXNativeTarget "Ege's Playground (iOS)" */ = {
			isa = XCConfigurationList;
			buildConfigurations = (
				82C7031B27804B2600CCA8EB /* Debug */,
				82C7031C27804B2600CCA8EB /* Release */,
			);
			defaultConfigurationIsVisible = 0;
			defaultConfigurationName = Release;
		};
		82C7031D27804B2600CCA8EB /* Build configuration list for PBXNativeTarget "Ege's Playground (macOS)" */ = {
			isa = XCConfigurationList;
			buildConfigurations = (
				82C7031E27804B2600CCA8EB /* Debug */,
				82C7031F27804B2600CCA8EB /* Release */,
			);
			defaultConfigurationIsVisible = 0;
			defaultConfigurationName = Release;
		};
		82C7032027804B2600CCA8EB /* Build configuration list for PBXNativeTarget "Tests iOS" */ = {
			isa = XCConfigurationList;
			buildConfigurations = (
				82C7032127804B2600CCA8EB /* Debug */,
				82C7032227804B2600CCA8EB /* Release */,
			);
			defaultConfigurationIsVisible = 0;
			defaultConfigurationName = Release;
		};
		82C7032327804B2600CCA8EB /* Build configuration list for PBXNativeTarget "Tests macOS" */ = {
			isa = XCConfigurationList;
			buildConfigurations = (
				82C7032427804B2600CCA8EB /* Debug */,
				82C7032527804B2600CCA8EB /* Release */,
			);
			defaultConfigurationIsVisible = 0;
			defaultConfigurationName = Release;
		};
/* End XCConfigurationList section */
	};
	rootObject = 82C702E527804B2400CCA8EB /* Project object */;
}
