// !$*UTF8*$!
{
	archiveVersion = 1;
	classes = {
	};
	objectVersion = 55;
	objects = {

/* Begin PBXBuildFile section */
		82C7030327804B2600CCA8EB /* Tests_iOS.swift in Sources */ = {isa = PBXBuildFile; fileRef = 82C7030227804B2600CCA8EB /* Tests_iOS.swift */; };
		82C7030527804B2600CCA8EB /* Tests_iOSLaunchTests.swift in Sources */ = {isa = PBXBuildFile; fileRef = 82C7030427804B2600CCA8EB /* Tests_iOSLaunchTests.swift */; };
		82C7030F27804B2600CCA8EB /* Tests_macOS.swift in Sources */ = {isa = PBXBuildFile; fileRef = 82C7030E27804B2600CCA8EB /* Tests_macOS.swift */; };
		82C7031127804B2600CCA8EB /* Tests_macOSLaunchTests.swift in Sources */ = {isa = PBXBuildFile; fileRef = 82C7031027804B2600CCA8EB /* Tests_macOSLaunchTests.swift */; };
		82C7031227804B2600CCA8EB /* todo_appApp.swift in Sources */ = {isa = PBXBuildFile; fileRef = 82C702EA27804B2400CCA8EB /* todo_appApp.swift */; };
		82C7031327804B2600CCA8EB /* todo_appApp.swift in Sources */ = {isa = PBXBuildFile; fileRef = 82C702EA27804B2400CCA8EB /* todo_appApp.swift */; };
		82C7031427804B2600CCA8EB /* ContentView.swift in Sources */ = {isa = PBXBuildFile; fileRef = 82C702EB27804B2400CCA8EB /* ContentView.swift */; };
		82C7031527804B2600CCA8EB /* ContentView.swift in Sources */ = {isa = PBXBuildFile; fileRef = 82C702EB27804B2400CCA8EB /* ContentView.swift */; };
		82C7031627804B2600CCA8EB /* Assets.xcassets in Resources */ = {isa = PBXBuildFile; fileRef = 82C702EC27804B2500CCA8EB /* Assets.xcassets */; };
		82C7031727804B2600CCA8EB /* Assets.xcassets in Resources */ = {isa = PBXBuildFile; fileRef = 82C702EC27804B2500CCA8EB /* Assets.xcassets */; };
/* End PBXBuildFile section */

/* Begin PBXContainerItemProxy section */
		82C702FF27804B2600CCA8EB /* PBXContainerItemProxy */ = {
			isa = PBXContainerItemProxy;
			containerPortal = 82C702E527804B2400CCA8EB /* Project object */;
			proxyType = 1;
			remoteGlobalIDString = 82C702F027804B2600CCA8EB;
			remoteInfo = "todo-app (iOS)";
		};
		82C7030B27804B2600CCA8EB /* PBXContainerItemProxy */ = {
			isa = PBXContainerItemProxy;
			containerPortal = 82C702E527804B2400CCA8EB /* Project object */;
			proxyType = 1;
			remoteGlobalIDString = 82C702F627804B2600CCA8EB;
			remoteInfo = "todo-app (macOS)";
		};
/* End PBXContainerItemProxy section */

/* Begin PBXFileReference section */
		82C702EA27804B2400CCA8EB /* todo_appApp.swift */ = {isa = PBXFileReference; lastKnownFileType = sourcecode.swift; path = todo_appApp.swift; sourceTree = "<group>"; };
		82C702EB27804B2400CCA8EB /* ContentView.swift */ = {isa = PBXFileReference; lastKnownFileType = sourcecode.swift; path = ContentView.swift; sourceTree = "<group>"; };
		82C702EC27804B2500CCA8EB /* Assets.xcassets */ = {isa = PBXFileReference; lastKnownFileType = folder.assetcatalog; path = Assets.xcassets; sourceTree = "<group>"; };
		82C702F127804B2600CCA8EB /* todo-app.app */ = {isa = PBXFileReference; explicitFileType = wrapper.application; includeInIndex = 0; path = "todo-app.app"; sourceTree = BUILT_PRODUCTS_DIR; };
		82C702F727804B2600CCA8EB /* todo-app.app */ = {isa = PBXFileReference; explicitFileType = wrapper.application; includeInIndex = 0; path = "todo-app.app"; sourceTree = BUILT_PRODUCTS_DIR; };
		82C702F927804B2600CCA8EB /* macOS.entitlements */ = {isa = PBXFileReference; lastKnownFileType = text.plist.entitlements; path = macOS.entitlements; sourceTree = "<group>"; };
		82C702FE27804B2600CCA8EB /* Tests iOS.xctest */ = {isa = PBXFileReference; explicitFileType = wrapper.cfbundle; includeInIndex = 0; path = "Tests iOS.xctest"; sourceTree = BUILT_PRODUCTS_DIR; };
		82C7030227804B2600CCA8EB /* Tests_iOS.swift */ = {isa = PBXFileReference; lastKnownFileType = sourcecode.swift; path = Tests_iOS.swift; sourceTree = "<group>"; };
		82C7030427804B2600CCA8EB /* Tests_iOSLaunchTests.swift */ = {isa = PBXFileReference; lastKnownFileType = sourcecode.swift; path = Tests_iOSLaunchTests.swift; sourceTree = "<group>"; };
		82C7030A27804B2600CCA8EB /* Tests macOS.xctest */ = {isa = PBXFileReference; explicitFileType = wrapper.cfbundle; includeInIndex = 0; path = "Tests macOS.xctest"; sourceTree = BUILT_PRODUCTS_DIR; };
		82C7030E27804B2600CCA8EB /* Tests_macOS.swift */ = {isa = PBXFileReference; lastKnownFileType = sourcecode.swift; path = Tests_macOS.swift; sourceTree = "<group>"; };
		82C7031027804B2600CCA8EB /* Tests_macOSLaunchTests.swift */ = {isa = PBXFileReference; lastKnownFileType = sourcecode.swift; path = Tests_macOSLaunchTests.swift; sourceTree = "<group>"; };
/* End PBXFileReference section */

/* Begin PBXFrameworksBuildPhase section */
		82C702EE27804B2600CCA8EB /* Frameworks */ = {
			isa = PBXFrameworksBuildPhase;
			buildActionMask = 2147483647;
			files = (
			);
			runOnlyForDeploymentPostprocessing = 0;
		};
		82C702F427804B2600CCA8EB /* Frameworks */ = {
			isa = PBXFrameworksBuildPhase;
			buildActionMask = 2147483647;
			files = (
			);
			runOnlyForDeploymentPostprocessing = 0;
		};
		82C702FB27804B2600CCA8EB /* Frameworks */ = {
			isa = PBXFrameworksBuildPhase;
			buildActionMask = 2147483647;
			files = (
			);
			runOnlyForDeploymentPostprocessing = 0;
		};
		82C7030727804B2600CCA8EB /* Frameworks */ = {
			isa = PBXFrameworksBuildPhase;
			buildActionMask = 2147483647;
			files = (
			);
			runOnlyForDeploymentPostprocessing = 0;
		};
/* End PBXFrameworksBuildPhase section */

/* Begin PBXGroup section */
		82C702E427804B2400CCA8EB = {
			isa = PBXGroup;
			children = (
				82C702E927804B2400CCA8EB /* Shared */,
				82C702F827804B2600CCA8EB /* macOS */,
				82C7030127804B2600CCA8EB /* Tests iOS */,
				82C7030D27804B2600CCA8EB /* Tests macOS */,
				82C702F227804B2600CCA8EB /* Products */,
			);
			sourceTree = "<group>";
		};
		82C702E927804B2400CCA8EB /* Shared */ = {
			isa = PBXGroup;
			children = (
				82C702EA27804B2400CCA8EB /* todo_appApp.swift */,
				82C702EB27804B2400CCA8EB /* ContentView.swift */,
				82C702EC27804B2500CCA8EB /* Assets.xcassets */,
			);
			path = Shared;
			sourceTree = "<group>";
		};
		82C702F227804B2600CCA8EB /* Products */ = {
			isa = PBXGroup;
			children = (
				82C702F127804B2600CCA8EB /* todo-app.app */,
				82C702F727804B2600CCA8EB /* todo-app.app */,
				82C702FE27804B2600CCA8EB /* Tests iOS.xctest */,
				82C7030A27804B2600CCA8EB /* Tests macOS.xctest */,
			);
			name = Products;
			sourceTree = "<group>";
		};
		82C702F827804B2600CCA8EB /* macOS */ = {
			isa = PBXGroup;
			children = (
				82C702F927804B2600CCA8EB /* macOS.entitlements */,
			);
			path = macOS;
			sourceTree = "<group>";
		};
		82C7030127804B2600CCA8EB /* Tests iOS */ = {
			isa = PBXGroup;
			children = (
				82C7030227804B2600CCA8EB /* Tests_iOS.swift */,
				82C7030427804B2600CCA8EB /* Tests_iOSLaunchTests.swift */,
			);
			path = "Tests iOS";
			sourceTree = "<group>";
		};
		82C7030D27804B2600CCA8EB /* Tests macOS */ = {
			isa = PBXGroup;
			children = (
				82C7030E27804B2600CCA8EB /* Tests_macOS.swift */,
				82C7031027804B2600CCA8EB /* Tests_macOSLaunchTests.swift */,
			);
			path = "Tests macOS";
			sourceTree = "<group>";
		};
/* End PBXGroup section */

/* Begin PBXNativeTarget section */
		82C702F027804B2600CCA8EB /* todo-app (iOS) */ = {
			isa = PBXNativeTarget;
			buildConfigurationList = 82C7031A27804B2600CCA8EB /* Build configuration list for PBXNativeTarget "todo-app (iOS)" */;
			buildPhases = (
				82C702ED27804B2600CCA8EB /* Sources */,
				82C702EE27804B2600CCA8EB /* Frameworks */,
				82C702EF27804B2600CCA8EB /* Resources */,
			);
			buildRules = (
			);
			dependencies = (
			);
			name = "todo-app (iOS)";
			productName = "todo-app (iOS)";
			productReference = 82C702F127804B2600CCA8EB /* todo-app.app */;
			productType = "com.apple.product-type.application";
		};
		82C702F627804B2600CCA8EB /* todo-app (macOS) */ = {
			isa = PBXNativeTarget;
			buildConfigurationList = 82C7031D27804B2600CCA8EB /* Build configuration list for PBXNativeTarget "todo-app (macOS)" */;
			buildPhases = (
				82C702F327804B2600CCA8EB /* Sources */,
				82C702F427804B2600CCA8EB /* Frameworks */,
				82C702F527804B2600CCA8EB /* Resources */,
			);
			buildRules = (
			);
			dependencies = (
			);
			name = "todo-app (macOS)";
			productName = "todo-app (macOS)";
			productReference = 82C702F727804B2600CCA8EB /* todo-app.app */;
			productType = "com.apple.product-type.application";
		};
		82C702FD27804B2600CCA8EB /* Tests iOS */ = {
			isa = PBXNativeTarget;
			buildConfigurationList = 82C7032027804B2600CCA8EB /* Build configuration list for PBXNativeTarget "Tests iOS" */;
			buildPhases = (
				82C702FA27804B2600CCA8EB /* Sources */,
				82C702FB27804B2600CCA8EB /* Frameworks */,
				82C702FC27804B2600CCA8EB /* Resources */,
			);
			buildRules = (
			);
			dependencies = (
				82C7030027804B2600CCA8EB /* PBXTargetDependency */,
			);
			name = "Tests iOS";
			productName = "Tests iOS";
			productReference = 82C702FE27804B2600CCA8EB /* Tests iOS.xctest */;
			productType = "com.apple.product-type.bundle.ui-testing";
		};
		82C7030927804B2600CCA8EB /* Tests macOS */ = {
			isa = PBXNativeTarget;
			buildConfigurationList = 82C7032327804B2600CCA8EB /* Build configuration list for PBXNativeTarget "Tests macOS" */;
			buildPhases = (
				82C7030627804B2600CCA8EB /* Sources */,
				82C7030727804B2600CCA8EB /* Frameworks */,
				82C7030827804B2600CCA8EB /* Resources */,
			);
			buildRules = (
			);
			dependencies = (
				82C7030C27804B2600CCA8EB /* PBXTargetDependency */,
			);
			name = "Tests macOS";
			productName = "Tests macOS";
			productReference = 82C7030A27804B2600CCA8EB /* Tests macOS.xctest */;
			productType = "com.apple.product-type.bundle.ui-testing";
		};
/* End PBXNativeTarget section */

/* Begin PBXProject section */
		82C702E527804B2400CCA8EB /* Project object */ = {
			isa = PBXProject;
			attributes = {
				BuildIndependentTargetsInParallel = 1;
				LastSwiftUpdateCheck = 1320;
				LastUpgradeCheck = 1320;
				TargetAttributes = {
					82C702F027804B2600CCA8EB = {
						CreatedOnToolsVersion = 13.2.1;
					};
					82C702F627804B2600CCA8EB = {
						CreatedOnToolsVersion = 13.2.1;
					};
					82C702FD27804B2600CCA8EB = {
						CreatedOnToolsVersion = 13.2.1;
						TestTargetID = 82C702F027804B2600CCA8EB;
					};
					82C7030927804B2600CCA8EB = {
						CreatedOnToolsVersion = 13.2.1;
						TestTargetID = 82C702F627804B2600CCA8EB;
					};
				};
			};
			buildConfigurationList = 82C702E827804B2400CCA8EB /* Build configuration list for PBXProject "todo-app" */;
			compatibilityVersion = "Xcode 13.0";
			developmentRegion = en;
			hasScannedForEncodings = 0;
			knownRegions = (
				en,
				Base,
			);
			mainGroup = 82C702E427804B2400CCA8EB;
			productRefGroup = 82C702F227804B2600CCA8EB /* Products */;
			projectDirPath = "";
			projectRoot = "";
			targets = (
				82C702F027804B2600CCA8EB /* todo-app (iOS) */,
				82C702F627804B2600CCA8EB /* todo-app (macOS) */,
				82C702FD27804B2600CCA8EB /* Tests iOS */,
				82C7030927804B2600CCA8EB /* Tests macOS */,
			);
		};
/* End PBXProject section */

/* Begin PBXResourcesBuildPhase section */
		82C702EF27804B2600CCA8EB /* Resources */ = {
			isa = PBXResourcesBuildPhase;
			buildActionMask = 2147483647;
			files = (
				82C7031627804B2600CCA8EB /* Assets.xcassets in Resources */,
			);
			runOnlyForDeploymentPostprocessing = 0;
		};
		82C702F527804B2600CCA8EB /* Resources */ = {
			isa = PBXResourcesBuildPhase;
			buildActionMask = 2147483647;
			files = (
				82C7031727804B2600CCA8EB /* Assets.xcassets in Resources */,
			);
			runOnlyForDeploymentPostprocessing = 0;
		};
		82C702FC27804B2600CCA8EB /* Resources */ = {
			isa = PBXResourcesBuildPhase;
			buildActionMask = 2147483647;
			files = (
			);
			runOnlyForDeploymentPostprocessing = 0;
		};
		82C7030827804B2600CCA8EB /* Resources */ = {
			isa = PBXResourcesBuildPhase;
			buildActionMask = 2147483647;
			files = (
			);
			runOnlyForDeploymentPostprocessing = 0;
		};
/* End PBXResourcesBuildPhase section */

/* Begin PBXSourcesBuildPhase section */
		82C702ED27804B2600CCA8EB /* Sources */ = {
			isa = PBXSourcesBuildPhase;
			buildActionMask = 2147483647;
			files = (
				82C7031427804B2600CCA8EB /* ContentView.swift in Sources */,
				82C7031227804B2600CCA8EB /* todo_appApp.swift in Sources */,
			);
			runOnlyForDeploymentPostprocessing = 0;
		};
		82C702F327804B2600CCA8EB /* Sources */ = {
			isa = PBXSourcesBuildPhase;
			buildActionMask = 2147483647;
			files = (
				82C7031527804B2600CCA8EB /* ContentView.swift in Sources */,
				82C7031327804B2600CCA8EB /* todo_appApp.swift in Sources */,
			);
			runOnlyForDeploymentPostprocessing = 0;
		};
		82C702FA27804B2600CCA8EB /* Sources */ = {
			isa = PBXSourcesBuildPhase;
			buildActionMask = 2147483647;
			files = (
				82C7030527804B2600CCA8EB /* Tests_iOSLaunchTests.swift in Sources */,
				82C7030327804B2600CCA8EB /* Tests_iOS.swift in Sources */,
			);
			runOnlyForDeploymentPostprocessing = 0;
		};
		82C7030627804B2600CCA8EB /* Sources */ = {
			isa = PBXSourcesBuildPhase;
			buildActionMask = 2147483647;
			files = (
				82C7031127804B2600CCA8EB /* Tests_macOSLaunchTests.swift in Sources */,
				82C7030F27804B2600CCA8EB /* Tests_macOS.swift in Sources */,
			);
			runOnlyForDeploymentPostprocessing = 0;
		};
/* End PBXSourcesBuildPhase section */

/* Begin PBXTargetDependency section */
		82C7030027804B2600CCA8EB /* PBXTargetDependency */ = {
			isa = PBXTargetDependency;
			target = 82C702F027804B2600CCA8EB /* todo-app (iOS) */;
			targetProxy = 82C702FF27804B2600CCA8EB /* PBXContainerItemProxy */;
		};
		82C7030C27804B2600CCA8EB /* PBXTargetDependency */ = {
			isa = PBXTargetDependency;
			target = 82C702F627804B2600CCA8EB /* todo-app (macOS) */;
			targetProxy = 82C7030B27804B2600CCA8EB /* PBXContainerItemProxy */;
		};
/* End PBXTargetDependency section */

/* Begin XCBuildConfiguration section */
		82C7031827804B2600CCA8EB /* Debug */ = {
			isa = XCBuildConfiguration;
			buildSettings = {
				ALWAYS_SEARCH_USER_PATHS = NO;
				CLANG_ANALYZER_NONNULL = YES;
				CLANG_ANALYZER_NUMBER_OBJECT_CONVERSION = YES_AGGRESSIVE;
				CLANG_CXX_LANGUAGE_STANDARD = "gnu++17";
				CLANG_CXX_LIBRARY = "libc++";
				CLANG_ENABLE_MODULES = YES;
				CLANG_ENABLE_OBJC_ARC = YES;
				CLANG_ENABLE_OBJC_WEAK = YES;
				CLANG_WARN_BLOCK_CAPTURE_AUTORELEASING = YES;
				CLANG_WARN_BOOL_CONVERSION = YES;
				CLANG_WARN_COMMA = YES;
				CLANG_WARN_CONSTANT_CONVERSION = YES;
				CLANG_WARN_DEPRECATED_OBJC_IMPLEMENTATIONS = YES;
				CLANG_WARN_DIRECT_OBJC_ISA_USAGE = YES_ERROR;
				CLANG_WARN_DOCUMENTATION_COMMENTS = YES;
				CLANG_WARN_EMPTY_BODY = YES;
				CLANG_WARN_ENUM_CONVERSION = YES;
				CLANG_WARN_INFINITE_RECURSION = YES;
				CLANG_WARN_INT_CONVERSION = YES;
				CLANG_WARN_NON_LITERAL_NULL_CONVERSION = YES;
				CLANG_WARN_OBJC_IMPLICIT_RETAIN_SELF = YES;
				CLANG_WARN_OBJC_LITERAL_CONVERSION = YES;
				CLANG_WARN_OBJC_ROOT_CLASS = YES_ERROR;
				CLANG_WARN_QUOTED_INCLUDE_IN_FRAMEWORK_HEADER = YES;
				CLANG_WARN_RANGE_LOOP_ANALYSIS = YES;
				CLANG_WARN_STRICT_PROTOTYPES = YES;
				CLANG_WARN_SUSPICIOUS_MOVE = YES;
				CLANG_WARN_UNGUARDED_AVAILABILITY = YES_AGGRESSIVE;
				CLANG_WARN_UNREACHABLE_CODE = YES;
				CLANG_WARN__DUPLICATE_METHOD_MATCH = YES;
				COPY_PHASE_STRIP = NO;
				DEBUG_INFORMATION_FORMAT = dwarf;
				ENABLE_STRICT_OBJC_MSGSEND = YES;
				ENABLE_TESTABILITY = YES;
				GCC_C_LANGUAGE_STANDARD = gnu11;
				GCC_DYNAMIC_NO_PIC = NO;
				GCC_NO_COMMON_BLOCKS = YES;
				GCC_OPTIMIZATION_LEVEL = 0;
				GCC_PREPROCESSOR_DEFINITIONS = (
					"DEBUG=1",
					"$(inherited)",
				);
				GCC_WARN_64_TO_32_BIT_CONVERSION = YES;
				GCC_WARN_ABOUT_RETURN_TYPE = YES_ERROR;
				GCC_WARN_UNDECLARED_SELECTOR = YES;
				GCC_WARN_UNINITIALIZED_AUTOS = YES_AGGRESSIVE;
				GCC_WARN_UNUSED_FUNCTION = YES;
				GCC_WARN_UNUSED_VARIABLE = YES;
				MTL_ENABLE_DEBUG_INFO = INCLUDE_SOURCE;
				MTL_FAST_MATH = YES;
				ONLY_ACTIVE_ARCH = YES;
				SWIFT_ACTIVE_COMPILATION_CONDITIONS = DEBUG;
				SWIFT_OPTIMIZATION_LEVEL = "-Onone";
			};
			name = Debug;
		};
		82C7031927804B2600CCA8EB /* Release */ = {
			isa = XCBuildConfiguration;
			buildSettings = {
				ALWAYS_SEARCH_USER_PATHS = NO;
				CLANG_ANALYZER_NONNULL = YES;
				CLANG_ANALYZER_NUMBER_OBJECT_CONVERSION = YES_AGGRESSIVE;
				CLANG_CXX_LANGUAGE_STANDARD = "gnu++17";
				CLANG_CXX_LIBRARY = "libc++";
				CLANG_ENABLE_MODULES = YES;
				CLANG_ENABLE_OBJC_ARC = YES;
				CLANG_ENABLE_OBJC_WEAK = YES;
				CLANG_WARN_BLOCK_CAPTURE_AUTORELEASING = YES;
				CLANG_WARN_BOOL_CONVERSION = YES;
				CLANG_WARN_COMMA = YES;
				CLANG_WARN_CONSTANT_CONVERSION = YES;
				CLANG_WARN_DEPRECATED_OBJC_IMPLEMENTATIONS = YES;
				CLANG_WARN_DIRECT_OBJC_ISA_USAGE = YES_ERROR;
				CLANG_WARN_DOCUMENTATION_COMMENTS = YES;
				CLANG_WARN_EMPTY_BODY = YES;
				CLANG_WARN_ENUM_CONVERSION = YES;
				CLANG_WARN_INFINITE_RECURSION = YES;
				CLANG_WARN_INT_CONVERSION = YES;
				CLANG_WARN_NON_LITERAL_NULL_CONVERSION = YES;
				CLANG_WARN_OBJC_IMPLICIT_RETAIN_SELF = YES;
				CLANG_WARN_OBJC_LITERAL_CONVERSION = YES;
				CLANG_WARN_OBJC_ROOT_CLASS = YES_ERROR;
				CLANG_WARN_QUOTED_INCLUDE_IN_FRAMEWORK_HEADER = YES;
				CLANG_WARN_RANGE_LOOP_ANALYSIS = YES;
				CLANG_WARN_STRICT_PROTOTYPES = YES;
				CLANG_WARN_SUSPICIOUS_MOVE = YES;
				CLANG_WARN_UNGUARDED_AVAILABILITY = YES_AGGRESSIVE;
				CLANG_WARN_UNREACHABLE_CODE = YES;
				CLANG_WARN__DUPLICATE_METHOD_MATCH = YES;
				COPY_PHASE_STRIP = NO;
				DEBUG_INFORMATION_FORMAT = "dwarf-with-dsym";
				ENABLE_NS_ASSERTIONS = NO;
				ENABLE_STRICT_OBJC_MSGSEND = YES;
				GCC_C_LANGUAGE_STANDARD = gnu11;
				GCC_NO_COMMON_BLOCKS = YES;
				GCC_WARN_64_TO_32_BIT_CONVERSION = YES;
				GCC_WARN_ABOUT_RETURN_TYPE = YES_ERROR;
				GCC_WARN_UNDECLARED_SELECTOR = YES;
				GCC_WARN_UNINITIALIZED_AUTOS = YES_AGGRESSIVE;
				GCC_WARN_UNUSED_FUNCTION = YES;
				GCC_WARN_UNUSED_VARIABLE = YES;
				MTL_ENABLE_DEBUG_INFO = NO;
				MTL_FAST_MATH = YES;
				SWIFT_COMPILATION_MODE = wholemodule;
				SWIFT_OPTIMIZATION_LEVEL = "-O";
			};
			name = Release;
		};
		82C7031B27804B2600CCA8EB /* Debug */ = {
			isa = XCBuildConfiguration;
			buildSettings = {
				ASSETCATALOG_COMPILER_APPICON_NAME = AppIcon;
				ASSETCATALOG_COMPILER_GLOBAL_ACCENT_COLOR_NAME = AccentColor;
				CODE_SIGN_STYLE = Automatic;
				CURRENT_PROJECT_VERSION = 1;
				ENABLE_PREVIEWS = YES;
				GENERATE_INFOPLIST_FILE = YES;
				INFOPLIST_KEY_UIApplicationSceneManifest_Generation = YES;
				INFOPLIST_KEY_UIApplicationSupportsIndirectInputEvents = YES;
				INFOPLIST_KEY_UILaunchScreen_Generation = YES;
				INFOPLIST_KEY_UISupportedInterfaceOrientations_iPad = "UIInterfaceOrientationPortrait UIInterfaceOrientationPortraitUpsideDown UIInterfaceOrientationLandscapeLeft UIInterfaceOrientationLandscapeRight";
				INFOPLIST_KEY_UISupportedInterfaceOrientations_iPhone = "UIInterfaceOrientationPortrait UIInterfaceOrientationLandscapeLeft UIInterfaceOrientationLandscapeRight";
				IPHONEOS_DEPLOYMENT_TARGET = 15.2;
				LD_RUNPATH_SEARCH_PATHS = (
					"$(inherited)",
					"@executable_path/Frameworks",
				);
				MARKETING_VERSION = 1.0;
				PRODUCT_BUNDLE_IDENTIFIER = "com.egecavusoglu.todo-app";
				PRODUCT_NAME = "todo-app";
				SDKROOT = iphoneos;
				SWIFT_EMIT_LOC_STRINGS = YES;
				SWIFT_VERSION = 5.0;
				TARGETED_DEVICE_FAMILY = "1,2";
			};
			name = Debug;
		};
		82C7031C27804B2600CCA8EB /* Release */ = {
			isa = XCBuildConfiguration;
			buildSettings = {
				ASSETCATALOG_COMPILER_APPICON_NAME = AppIcon;
				ASSETCATALOG_COMPILER_GLOBAL_ACCENT_COLOR_NAME = AccentColor;
				CODE_SIGN_STYLE = Automatic;
				CURRENT_PROJECT_VERSION = 1;
				ENABLE_PREVIEWS = YES;
				GENERATE_INFOPLIST_FILE = YES;
				INFOPLIST_KEY_UIApplicationSceneManifest_Generation = YES;
				INFOPLIST_KEY_UIApplicationSupportsIndirectInputEvents = YES;
				INFOPLIST_KEY_UILaunchScreen_Generation = YES;
				INFOPLIST_KEY_UISupportedInterfaceOrientations_iPad = "UIInterfaceOrientationPortrait UIInterfaceOrientationPortraitUpsideDown UIInterfaceOrientationLandscapeLeft UIInterfaceOrientationLandscapeRight";
				INFOPLIST_KEY_UISupportedInterfaceOrientations_iPhone = "UIInterfaceOrientationPortrait UIInterfaceOrientationLandscapeLeft UIInterfaceOrientationLandscapeRight";
				IPHONEOS_DEPLOYMENT_TARGET = 15.2;
				LD_RUNPATH_SEARCH_PATHS = (
					"$(inherited)",
					"@executable_path/Frameworks",
				);
				MARKETING_VERSION = 1.0;
				PRODUCT_BUNDLE_IDENTIFIER = "com.egecavusoglu.todo-app";
				PRODUCT_NAME = "todo-app";
				SDKROOT = iphoneos;
				SWIFT_EMIT_LOC_STRINGS = YES;
				SWIFT_VERSION = 5.0;
				TARGETED_DEVICE_FAMILY = "1,2";
				VALIDATE_PRODUCT = YES;
			};
			name = Release;
		};
		82C7031E27804B2600CCA8EB /* Debug */ = {
			isa = XCBuildConfiguration;
			buildSettings = {
				ASSETCATALOG_COMPILER_APPICON_NAME = AppIcon;
				ASSETCATALOG_COMPILER_GLOBAL_ACCENT_COLOR_NAME = AccentColor;
				CODE_SIGN_ENTITLEMENTS = macOS/macOS.entitlements;
				CODE_SIGN_STYLE = Automatic;
				COMBINE_HIDPI_IMAGES = YES;
				CURRENT_PROJECT_VERSION = 1;
				ENABLE_PREVIEWS = YES;
				GENERATE_INFOPLIST_FILE = YES;
				INFOPLIST_KEY_NSHumanReadableCopyright = "";
				LD_RUNPATH_SEARCH_PATHS = (
					"$(inherited)",
					"@executable_path/../Frameworks",
				);
				MACOSX_DEPLOYMENT_TARGET = 12.0;
				MARKETING_VERSION = 1.0;
				PRODUCT_BUNDLE_IDENTIFIER = "com.egecavusoglu.todo-app";
				PRODUCT_NAME = "todo-app";
				SDKROOT = macosx;
				SWIFT_EMIT_LOC_STRINGS = YES;
				SWIFT_VERSION = 5.0;
			};
			name = Debug;
		};
		82C7031F27804B2600CCA8EB /* Release */ = {
			isa = XCBuildConfiguration;
			buildSettings = {
				ASSETCATALOG_COMPILER_APPICON_NAME = AppIcon;
				ASSETCATALOG_COMPILER_GLOBAL_ACCENT_COLOR_NAME = AccentColor;
				CODE_SIGN_ENTITLEMENTS = macOS/macOS.entitlements;
				CODE_SIGN_STYLE = Automatic;
				COMBINE_HIDPI_IMAGES = YES;
				CURRENT_PROJECT_VERSION = 1;
				ENABLE_PREVIEWS = YES;
				GENERATE_INFOPLIST_FILE = YES;
				INFOPLIST_KEY_NSHumanReadableCopyright = "";
				LD_RUNPATH_SEARCH_PATHS = (
					"$(inherited)",
					"@executable_path/../Frameworks",
				);
				MACOSX_DEPLOYMENT_TARGET = 12.0;
				MARKETING_VERSION = 1.0;
				PRODUCT_BUNDLE_IDENTIFIER = "com.egecavusoglu.todo-app";
				PRODUCT_NAME = "todo-app";
				SDKROOT = macosx;
				SWIFT_EMIT_LOC_STRINGS = YES;
				SWIFT_VERSION = 5.0;
			};
			name = Release;
		};
		82C7032127804B2600CCA8EB /* Debug */ = {
			isa = XCBuildConfiguration;
			buildSettings = {
				ALWAYS_EMBED_SWIFT_STANDARD_LIBRARIES = YES;
				CODE_SIGN_STYLE = Automatic;
				CURRENT_PROJECT_VERSION = 1;
				GENERATE_INFOPLIST_FILE = YES;
				IPHONEOS_DEPLOYMENT_TARGET = 15.2;
				MARKETING_VERSION = 1.0;
				PRODUCT_BUNDLE_IDENTIFIER = "com.egecavusoglu.Tests-iOS";
				PRODUCT_NAME = "$(TARGET_NAME)";
				SDKROOT = iphoneos;
				SWIFT_EMIT_LOC_STRINGS = NO;
				SWIFT_VERSION = 5.0;
				TARGETED_DEVICE_FAMILY = "1,2";
				TEST_TARGET_NAME = "todo-app (iOS)";
			};
			name = Debug;
		};
		82C7032227804B2600CCA8EB /* Release */ = {
			isa = XCBuildConfiguration;
			buildSettings = {
				ALWAYS_EMBED_SWIFT_STANDARD_LIBRARIES = YES;
				CODE_SIGN_STYLE = Automatic;
				CURRENT_PROJECT_VERSION = 1;
				GENERATE_INFOPLIST_FILE = YES;
				IPHONEOS_DEPLOYMENT_TARGET = 15.2;
				MARKETING_VERSION = 1.0;
				PRODUCT_BUNDLE_IDENTIFIER = "com.egecavusoglu.Tests-iOS";
				PRODUCT_NAME = "$(TARGET_NAME)";
				SDKROOT = iphoneos;
				SWIFT_EMIT_LOC_STRINGS = NO;
				SWIFT_VERSION = 5.0;
				TARGETED_DEVICE_FAMILY = "1,2";
				TEST_TARGET_NAME = "todo-app (iOS)";
				VALIDATE_PRODUCT = YES;
			};
			name = Release;
		};
		82C7032427804B2600CCA8EB /* Debug */ = {
			isa = XCBuildConfiguration;
			buildSettings = {
				ALWAYS_EMBED_SWIFT_STANDARD_LIBRARIES = YES;
				CODE_SIGN_STYLE = Automatic;
				CURRENT_PROJECT_VERSION = 1;
				GENERATE_INFOPLIST_FILE = YES;
				MACOSX_DEPLOYMENT_TARGET = 12.0;
				MARKETING_VERSION = 1.0;
				PRODUCT_BUNDLE_IDENTIFIER = "com.egecavusoglu.Tests-macOS";
				PRODUCT_NAME = "$(TARGET_NAME)";
				SDKROOT = macosx;
				SWIFT_EMIT_LOC_STRINGS = NO;
				SWIFT_VERSION = 5.0;
				TEST_TARGET_NAME = "todo-app (macOS)";
			};
			name = Debug;
		};
		82C7032527804B2600CCA8EB /* Release */ = {
			isa = XCBuildConfiguration;
			buildSettings = {
				ALWAYS_EMBED_SWIFT_STANDARD_LIBRARIES = YES;
				CODE_SIGN_STYLE = Automatic;
				CURRENT_PROJECT_VERSION = 1;
				GENERATE_INFOPLIST_FILE = YES;
				MACOSX_DEPLOYMENT_TARGET = 12.0;
				MARKETING_VERSION = 1.0;
				PRODUCT_BUNDLE_IDENTIFIER = "com.egecavusoglu.Tests-macOS";
				PRODUCT_NAME = "$(TARGET_NAME)";
				SDKROOT = macosx;
				SWIFT_EMIT_LOC_STRINGS = NO;
				SWIFT_VERSION = 5.0;
				TEST_TARGET_NAME = "todo-app (macOS)";
			};
			name = Release;
		};
/* End XCBuildConfiguration section */

/* Begin XCConfigurationList section */
		82C702E827804B2400CCA8EB /* Build configuration list for PBXProject "todo-app" */ = {
			isa = XCConfigurationList;
			buildConfigurations = (
				82C7031827804B2600CCA8EB /* Debug */,
				82C7031927804B2600CCA8EB /* Release */,
			);
			defaultConfigurationIsVisible = 0;
			defaultConfigurationName = Release;
		};
		82C7031A27804B2600CCA8EB /* Build configuration list for PBXNativeTarget "todo-app (iOS)" */ = {
			isa = XCConfigurationList;
			buildConfigurations = (
				82C7031B27804B2600CCA8EB /* Debug */,
				82C7031C27804B2600CCA8EB /* Release */,
			);
			defaultConfigurationIsVisible = 0;
			defaultConfigurationName = Release;
		};
		82C7031D27804B2600CCA8EB /* Build configuration list for PBXNativeTarget "todo-app (macOS)" */ = {
			isa = XCConfigurationList;
			buildConfigurations = (
				82C7031E27804B2600CCA8EB /* Debug */,
				82C7031F27804B2600CCA8EB /* Release */,
			);
			defaultConfigurationIsVisible = 0;
			defaultConfigurationName = Release;
		};
		82C7032027804B2600CCA8EB /* Build configuration list for PBXNativeTarget "Tests iOS" */ = {
			isa = XCConfigurationList;
			buildConfigurations = (
				82C7032127804B2600CCA8EB /* Debug */,
				82C7032227804B2600CCA8EB /* Release */,
			);
			defaultConfigurationIsVisible = 0;
			defaultConfigurationName = Release;
		};
		82C7032327804B2600CCA8EB /* Build configuration list for PBXNativeTarget "Tests macOS" */ = {
			isa = XCConfigurationList;
			buildConfigurations = (
				82C7032427804B2600CCA8EB /* Debug */,
				82C7032527804B2600CCA8EB /* Release */,
			);
			defaultConfigurationIsVisible = 0;
			defaultConfigurationName = Release;
		};
/* End XCConfigurationList section */
	};
	rootObject = 82C702E527804B2400CCA8EB /* Project object */;
}
